{
  "object": {
    "pins": [
      {
        "package": "Segment",
        "repositoryURL": "https://github.com/segmentio/analytics-swift",
        "state": {
          "branch": null,
          "revision": "26f23a2ae9b8dd47aeee1bdaa1e203f3bed6044e",
          "version": "1.4.0"
        }
      },
      {
        "package": "AppsFlyerLib",
        "repositoryURL": "https://github.com/AppsFlyerSDK/AppsFlyerFramework",
        "state": {
          "branch": null,
          "revision": "fd2d4e50107280229c77ebfaeb0519ad7e7af83f",
          "version": "6.10.0"
        }
      },
      {
        "package": "Sovran",
        "repositoryURL": "https://github.com/segmentio/Sovran-Swift.git",
        "state": {
          "branch": null,
          "revision": "944c17d7c46bd95fc37f09136cabd172be5b413b",
          "version": "1.0.3"
        }
      }
    ]
  },
  "version": 1
}
