{
  "object": {
    "pins": [
      {
        "package": "Segment",
        "repositoryURL": "https://github.com/segmentio/analytics-swift",
        "state": {
          "branch": null,
          "revision": "efc111b5fccaebd1063ef0db6d206c252da387ec",
          "version": "1.4.8"
        }
      },
      {
        "package": "AppsFlyerLib",
        "repositoryURL": "https://github.com/AppsFlyerSDK/AppsFlyerFramework",
        "state": {
          "branch": null,
          "revision": "fd2d4e50107280229c77ebfaeb0519ad7e7af83f",
          "version": "6.10.0"
        }
      },
      {
        "package": "Sovran",
        "repositoryURL": "https://github.com/segmentio/Sovran-Swift.git",
        "state": {
          "branch": null,
          "revision": "64f3b5150c282a34af4578188dce2fd597e600e3",
          "version": "1.1.0"
        }
      }
    ]
  },
  "version": 1
}
